Microsoft Visual Studio Solution File, Format Version 12.00
# Visual Studio Version 17
VisualStudioVersion = 17.5.2.0
MinimumVisualStudioVersion = 10.0.40219.1
Project("{FAE04EC0-301F-11D3-BF4B-00C04F79EFBC}") = "TrialActivity", "TrialActivity.csproj", "{80A4D74E-57D6-8397-9003-E7C4912E0FF6}"
EndProject
Global
	GlobalSection(SolutionConfigurationPlatforms) = preSolution
		Debug|Any CPU = Debug|Any CPU
		Release|Any CPU = Release|Any CPU
	EndGlobalSection
	GlobalSection(ProjectConfigurationPlatforms) = postSolution
		{80A4D74E-57D6-8397-9003-E7C4912E0FF6}.Debug|Any CPU.ActiveCfg = Debug|Any CPU
		{80A4D74E-57D6-8397-9003-E7C4912E0FF6}.Debug|Any CPU.Build.0 = Debug|Any CPU
		{80A4D74E-57D6-8397-9003-E7C4912E0FF6}.Release|Any CPU.ActiveCfg = Release|Any CPU
		{80A4D74E-57D6-8397-9003-E7C4912E0FF6}.Release|Any CPU.Build.0 = Release|Any CPU
	EndGlobalSection
	GlobalSection(SolutionProperties) = preSolution
		HideSolutionNode = FALSE
	EndGlobalSection
	GlobalSection(ExtensibilityGlobals) = postSolution
		SolutionGuid = {37A40437-7740-4CD4-857C-29CC43BBD014}
	EndGlobalSection
EndGlobal
