Microsoft Visual Studio Solution File, Format Version 12.00
# Visual Studio Version 17
VisualStudioVersion = 17.5.2.0
MinimumVisualStudioVersion = 10.0.40219.1
Project("{FAE04EC0-301F-11D3-BF4B-00C04F79EFBC}") = "PentagonClass", "PentagonClass.csproj", "{AAAC38DC-16BF-E86B-FE06-3B45A2500715}"
EndProject
Global
	GlobalSection(SolutionConfigurationPlatforms) = preSolution
		Debug|Any CPU = Debug|Any CPU
		Release|Any CPU = Release|Any CPU
	EndGlobalSection
	GlobalSection(ProjectConfigurationPlatforms) = postSolution
		{AAAC38DC-16BF-E86B-FE06-3B45A2500715}.Debug|Any CPU.ActiveCfg = Debug|Any CPU
		{AAAC38DC-16BF-E86B-FE06-3B45A2500715}.Debug|Any CPU.Build.0 = Debug|Any CPU
		{AAAC38DC-16BF-E86B-FE06-3B45A2500715}.Release|Any CPU.ActiveCfg = Release|Any CPU
		{AAAC38DC-16BF-E86B-FE06-3B45A2500715}.Release|Any CPU.Build.0 = Release|Any CPU
	EndGlobalSection
	GlobalSection(SolutionProperties) = preSolution
		HideSolutionNode = FALSE
	EndGlobalSection
	GlobalSection(ExtensibilityGlobals) = postSolution
		SolutionGuid = {8FDE1C86-3508-485F-AA67-0D528B09309F}
	EndGlobalSection
EndGlobal
